{
  "originHash" : "f8a84818498fded773a093d0d76f932848a72bdc678d7cd447609c169fc85520",
  "pins" : [
    {
      "identity" : "cloudstorage",
      "kind" : "remoteSourceControl",
      "location" : "https://github.com/nonstrict-hq/CloudStorage.git",
      "state" : {
        "revision" : "d94cb14e563c1a20edeba8a861395c60c2b9d064",
        "version" : "0.7.0"
      }
    },
    {
      "identity" : "nuke",
      "kind" : "remoteSourceControl",
      "location" : "https://github.com/kean/Nuke",
      "state" : {
        "revision" : "0ead44350d2737db384908569c012fe67c421e4d",
        "version" : "12.8.0"
      }
    },
    {
      "identity" : "sentry-cocoa",
      "kind" : "remoteSourceControl",
      "location" : "https://github.com/getsentry/sentry-cocoa.git",
      "state" : {
        "revision" : "21223d1c864db0561d91f48d80f269a363a1625d",
        "version" : "8.47.0"
      }
    },
    {
      "identity" : "swiftsdk",
      "kind" : "remoteSourceControl",
      "location" : "https://github.com/TelemetryDeck/SwiftSDK",
      "state" : {
        "revision" : "41dfe21580bf244b6a0ddd5f2135cd58f2059c29",
        "version" : "2.9.1"
      }
    }
  ],
  "version" : 3
}
