// !$*UTF8*$!
{
	archiveVersion = 1;
	classes = {
	};
	objectVersion = 56;
	objects = {

/* Begin PBXBuildFile section */
		BB456D202B58B7E700C29B00 /* Network.swift in Sources */ = {isa = PBXBuildFile; fileRef = BB456D1F2B58B7E700C29B00 /* Network.swift */; };
		BB456D232B58C71300C29B00 /* NoInternet.swift in Sources */ = {isa = PBXBuildFile; fileRef = BB456D222B58C71300C29B00 /* NoInternet.swift */; };
		BB9255CE2B54657900967F84 /* InstanceForm.swift in Sources */ = {isa = PBXBuildFile; fileRef = BB9255CD2B54657900967F84 /* InstanceForm.swift */; };
		BBA54BDE2B561FB200CA0F3E /* CachedAsyncImage.swift in Sources */ = {isa = PBXBuildFile; fileRef = BBA54BDD2B561FB200CA0F3E /* CachedAsyncImage.swift */; };
		BBA54BE32B563E2000CA0F3E /* Nuke in Frameworks */ = {isa = PBXBuildFile; productRef = BBA54BE22B563E2000CA0F3E /* Nuke */; };
		BBA54BE52B563E2000CA0F3E /* NukeUI in Frameworks */ = {isa = PBXBuildFile; productRef = BBA54BE42B563E2000CA0F3E /* NukeUI */; };
		BBB936222B58A24800457E66 /* API.swift in Sources */ = {isa = PBXBuildFile; fileRef = BBB936212B58A24800457E66 /* API.swift */; };
		BBC45B8F2B56426700AB258F /* Nuke in Frameworks */ = {isa = PBXBuildFile; productRef = BBC45B8E2B56426700AB258F /* Nuke */; };
		BBC45B912B56426700AB258F /* NukeExtensions in Frameworks */ = {isa = PBXBuildFile; productRef = BBC45B902B56426700AB258F /* NukeExtensions */; };
		BBC45B932B56426700AB258F /* NukeUI in Frameworks */ = {isa = PBXBuildFile; productRef = BBC45B922B56426700AB258F /* NukeUI */; };
		BBC45B962B572A8600AB258F /* PreviewData.swift in Sources */ = {isa = PBXBuildFile; fileRef = BBC45B952B572A8600AB258F /* PreviewData.swift */; };
		BBE0DE5F2B51A86B00E7B5C9 /* MovieSearchView.swift in Sources */ = {isa = PBXBuildFile; fileRef = BBE0DE5E2B51A86B00E7B5C9 /* MovieSearchView.swift */; };
		BBE1E43F2B51F61700946222 /* MovieLookup.swift in Sources */ = {isa = PBXBuildFile; fileRef = BBE1E43E2B51F61700946222 /* MovieLookup.swift */; };
		BBE1E4412B51F9DC00946222 /* movies.json in Resources */ = {isa = PBXBuildFile; fileRef = BBE1E4402B51F9DC00946222 /* movies.json */; };
		BBE1E4432B51FA0200946222 /* movie-lookup.json in Resources */ = {isa = PBXBuildFile; fileRef = BBE1E4422B51FA0200946222 /* movie-lookup.json */; };
		BBE828572B4F2C7000C1E1D9 /* RuddarrApp.swift in Sources */ = {isa = PBXBuildFile; fileRef = BBE828562B4F2C7000C1E1D9 /* RuddarrApp.swift */; };
		BBE828592B4F2C7000C1E1D9 /* ContentView.swift in Sources */ = {isa = PBXBuildFile; fileRef = BBE828582B4F2C7000C1E1D9 /* ContentView.swift */; };
		BBE8285B2B4F2C7100C1E1D9 /* Assets.xcassets in Resources */ = {isa = PBXBuildFile; fileRef = BBE8285A2B4F2C7100C1E1D9 /* Assets.xcassets */; };
		BBE8285F2B4F2C7100C1E1D9 /* Preview Assets.xcassets in Resources */ = {isa = PBXBuildFile; fileRef = BBE8285E2B4F2C7100C1E1D9 /* Preview Assets.xcassets */; };
		BBE828682B4F320F00C1E1D9 /* MoviesView.swift in Sources */ = {isa = PBXBuildFile; fileRef = BBE828672B4F320F00C1E1D9 /* MoviesView.swift */; };
		BBE8286A2B4F325400C1E1D9 /* ShowsView.swift in Sources */ = {isa = PBXBuildFile; fileRef = BBE828692B4F325400C1E1D9 /* ShowsView.swift */; };
		BBE8286C2B4F360700C1E1D9 /* Movie.swift in Sources */ = {isa = PBXBuildFile; fileRef = BBE8286B2B4F360700C1E1D9 /* Movie.swift */; };
		BBF477A92B4FA20B00C2DED3 /* SettingsView.swift in Sources */ = {isa = PBXBuildFile; fileRef = BBF477A82B4FA20B00C2DED3 /* SettingsView.swift */; };
		BBF94F632B508F8B00300EBA /* MovieView.swift in Sources */ = {isa = PBXBuildFile; fileRef = BBF94F622B508F8B00300EBA /* MovieView.swift */; };
		BBF94F652B50C88300300EBA /* Instance.swift in Sources */ = {isa = PBXBuildFile; fileRef = BBF94F642B50C88300300EBA /* Instance.swift */; };
/* End PBXBuildFile section */

/* Begin PBXFileReference section */
		BB456D1F2B58B7E700C29B00 /* Network.swift */ = {isa = PBXFileReference; lastKnownFileType = sourcecode.swift; path = Network.swift; sourceTree = "<group>"; };
		BB456D222B58C71300C29B00 /* NoInternet.swift */ = {isa = PBXFileReference; lastKnownFileType = sourcecode.swift; path = NoInternet.swift; sourceTree = "<group>"; };
		BB9255CD2B54657900967F84 /* InstanceForm.swift */ = {isa = PBXFileReference; lastKnownFileType = sourcecode.swift; path = InstanceForm.swift; sourceTree = "<group>"; };
		BBA54BDD2B561FB200CA0F3E /* CachedAsyncImage.swift */ = {isa = PBXFileReference; lastKnownFileType = sourcecode.swift; path = CachedAsyncImage.swift; sourceTree = "<group>"; };
		BBB936212B58A24800457E66 /* API.swift */ = {isa = PBXFileReference; lastKnownFileType = sourcecode.swift; path = API.swift; sourceTree = "<group>"; };
		BBC45B952B572A8600AB258F /* PreviewData.swift */ = {isa = PBXFileReference; lastKnownFileType = sourcecode.swift; path = PreviewData.swift; sourceTree = "<group>"; };
		BBE0DE5E2B51A86B00E7B5C9 /* MovieSearchView.swift */ = {isa = PBXFileReference; lastKnownFileType = sourcecode.swift; path = MovieSearchView.swift; sourceTree = "<group>"; };
		BBE1E43E2B51F61700946222 /* MovieLookup.swift */ = {isa = PBXFileReference; lastKnownFileType = sourcecode.swift; path = MovieLookup.swift; sourceTree = "<group>"; };
		BBE1E4402B51F9DC00946222 /* movies.json */ = {isa = PBXFileReference; lastKnownFileType = text.json; path = movies.json; sourceTree = "<group>"; };
		BBE1E4422B51FA0200946222 /* movie-lookup.json */ = {isa = PBXFileReference; lastKnownFileType = text.json; path = "movie-lookup.json"; sourceTree = "<group>"; };
		BBE828532B4F2C7000C1E1D9 /* Ruddarr.app */ = {isa = PBXFileReference; explicitFileType = wrapper.application; includeInIndex = 0; path = Ruddarr.app; sourceTree = BUILT_PRODUCTS_DIR; };
		BBE828562B4F2C7000C1E1D9 /* RuddarrApp.swift */ = {isa = PBXFileReference; lastKnownFileType = sourcecode.swift; path = RuddarrApp.swift; sourceTree = "<group>"; };
		BBE828582B4F2C7000C1E1D9 /* ContentView.swift */ = {isa = PBXFileReference; lastKnownFileType = sourcecode.swift; path = ContentView.swift; sourceTree = "<group>"; };
		BBE8285A2B4F2C7100C1E1D9 /* Assets.xcassets */ = {isa = PBXFileReference; lastKnownFileType = folder.assetcatalog; path = Assets.xcassets; sourceTree = "<group>"; };
		BBE8285C2B4F2C7100C1E1D9 /* Ruddarr.entitlements */ = {isa = PBXFileReference; lastKnownFileType = text.plist.entitlements; path = Ruddarr.entitlements; sourceTree = "<group>"; };
		BBE8285E2B4F2C7100C1E1D9 /* Preview Assets.xcassets */ = {isa = PBXFileReference; lastKnownFileType = folder.assetcatalog; path = "Preview Assets.xcassets"; sourceTree = "<group>"; };
		BBE828672B4F320F00C1E1D9 /* MoviesView.swift */ = {isa = PBXFileReference; lastKnownFileType = sourcecode.swift; path = MoviesView.swift; sourceTree = "<group>"; };
		BBE828692B4F325400C1E1D9 /* ShowsView.swift */ = {isa = PBXFileReference; lastKnownFileType = sourcecode.swift; path = ShowsView.swift; sourceTree = "<group>"; };
		BBE8286B2B4F360700C1E1D9 /* Movie.swift */ = {isa = PBXFileReference; lastKnownFileType = sourcecode.swift; path = Movie.swift; sourceTree = "<group>"; };
		BBF477A82B4FA20B00C2DED3 /* SettingsView.swift */ = {isa = PBXFileReference; lastKnownFileType = sourcecode.swift; path = SettingsView.swift; sourceTree = "<group>"; };
		BBF94F622B508F8B00300EBA /* MovieView.swift */ = {isa = PBXFileReference; lastKnownFileType = sourcecode.swift; path = MovieView.swift; sourceTree = "<group>"; };
		BBF94F642B50C88300300EBA /* Instance.swift */ = {isa = PBXFileReference; lastKnownFileType = sourcecode.swift; path = Instance.swift; sourceTree = "<group>"; };
/* End PBXFileReference section */

/* Begin PBXFrameworksBuildPhase section */
		BBE828502B4F2C7000C1E1D9 /* Frameworks */ = {
			isa = PBXFrameworksBuildPhase;
			buildActionMask = 2147483647;
			files = (
				BBA54BE52B563E2000CA0F3E /* NukeUI in Frameworks */,
				BBA54BE32B563E2000CA0F3E /* Nuke in Frameworks */,
				BBC45B932B56426700AB258F /* NukeUI in Frameworks */,
				BBC45B8F2B56426700AB258F /* Nuke in Frameworks */,
				BBC45B912B56426700AB258F /* NukeExtensions in Frameworks */,
			);
			runOnlyForDeploymentPostprocessing = 0;
		};
/* End PBXFrameworksBuildPhase section */

/* Begin PBXGroup section */
		BB456D212B58BDF300C29B00 /* Utilities  */ = {
			isa = PBXGroup;
			children = (
				BBB936212B58A24800457E66 /* API.swift */,
				BB456D1F2B58B7E700C29B00 /* Network.swift */,
			);
			path = "Utilities ";
			sourceTree = "<group>";
		};
		BB9255CC2B54655300967F84 /* Form */ = {
			isa = PBXGroup;
			children = (
				BB9255CD2B54657900967F84 /* InstanceForm.swift */,
			);
			path = Form;
			sourceTree = "<group>";
		};
		BBC45B942B57078400AB258F /* Shared */ = {
			isa = PBXGroup;
			children = (
				BBA54BDD2B561FB200CA0F3E /* CachedAsyncImage.swift */,
				BB456D222B58C71300C29B00 /* NoInternet.swift */,
			);
			path = Shared;
			sourceTree = "<group>";
		};
		BBE8284A2B4F2C7000C1E1D9 = {
			isa = PBXGroup;
			children = (
				BBE828552B4F2C7000C1E1D9 /* Ruddarr */,
				BBE828542B4F2C7000C1E1D9 /* Products */,
			);
			sourceTree = "<group>";
		};
		BBE828542B4F2C7000C1E1D9 /* Products */ = {
			isa = PBXGroup;
			children = (
				BBE828532B4F2C7000C1E1D9 /* Ruddarr.app */,
			);
			name = Products;
			sourceTree = "<group>";
		};
		BBE828552B4F2C7000C1E1D9 /* Ruddarr */ = {
			isa = PBXGroup;
			children = (
				BBE828562B4F2C7000C1E1D9 /* RuddarrApp.swift */,
				BB456D212B58BDF300C29B00 /* Utilities  */,
				BBF477A62B4F8AA300C2DED3 /* Models */,
				BBF477AA2B505C5D00C2DED3 /* Views */,
				BBE8285A2B4F2C7100C1E1D9 /* Assets.xcassets */,
				BBE8285C2B4F2C7100C1E1D9 /* Ruddarr.entitlements */,
				BBE8285D2B4F2C7100C1E1D9 /* Preview Content */,
			);
			path = Ruddarr;
			sourceTree = "<group>";
		};
		BBE8285D2B4F2C7100C1E1D9 /* Preview Content */ = {
			isa = PBXGroup;
			children = (
				BBE8285E2B4F2C7100C1E1D9 /* Preview Assets.xcassets */,
				BBE1E4402B51F9DC00946222 /* movies.json */,
				BBE1E4422B51FA0200946222 /* movie-lookup.json */,
				BBC45B952B572A8600AB258F /* PreviewData.swift */,
			);
			path = "Preview Content";
			sourceTree = "<group>";
		};
		BBF477A62B4F8AA300C2DED3 /* Models */ = {
			isa = PBXGroup;
			children = (
				BBF94F642B50C88300300EBA /* Instance.swift */,
				BBE8286B2B4F360700C1E1D9 /* Movie.swift */,
				BBE1E43E2B51F61700946222 /* MovieLookup.swift */,
			);
			path = Models;
			sourceTree = "<group>";
		};
		BBF477AA2B505C5D00C2DED3 /* Views */ = {
			isa = PBXGroup;
			children = (
				BBC45B942B57078400AB258F /* Shared */,
				BB9255CC2B54655300967F84 /* Form */,
				BBE828582B4F2C7000C1E1D9 /* ContentView.swift */,
				BBE828672B4F320F00C1E1D9 /* MoviesView.swift */,
				BBF94F622B508F8B00300EBA /* MovieView.swift */,
				BBE0DE5E2B51A86B00E7B5C9 /* MovieSearchView.swift */,
				BBE828692B4F325400C1E1D9 /* ShowsView.swift */,
				BBF477A82B4FA20B00C2DED3 /* SettingsView.swift */,
			);
			path = Views;
			sourceTree = "<group>";
		};
/* End PBXGroup section */

/* Begin PBXNativeTarget section */
		BBE828522B4F2C7000C1E1D9 /* Ruddarr */ = {
			isa = PBXNativeTarget;
			buildConfigurationList = BBE828622B4F2C7100C1E1D9 /* Build configuration list for PBXNativeTarget "Ruddarr" */;
			buildPhases = (
				BBE8284F2B4F2C7000C1E1D9 /* Sources */,
				BBE828502B4F2C7000C1E1D9 /* Frameworks */,
				BBE828512B4F2C7000C1E1D9 /* Resources */,
				BB9D7AFA2B58A675001C5E3C /* SwiftLint */,
			);
			buildRules = (
			);
			dependencies = (
			);
			name = Ruddarr;
			packageProductDependencies = (
				BBA54BE22B563E2000CA0F3E /* Nuke */,
				BBA54BE42B563E2000CA0F3E /* NukeUI */,
				BBC45B8E2B56426700AB258F /* Nuke */,
				BBC45B902B56426700AB258F /* NukeExtensions */,
				BBC45B922B56426700AB258F /* NukeUI */,
			);
			productName = Ruddarr;
			productReference = BBE828532B4F2C7000C1E1D9 /* Ruddarr.app */;
			productType = "com.apple.product-type.application";
		};
/* End PBXNativeTarget section */

/* Begin PBXProject section */
		BBE8284B2B4F2C7000C1E1D9 /* Project object */ = {
			isa = PBXProject;
			attributes = {
				BuildIndependentTargetsInParallel = 1;
				LastSwiftUpdateCheck = 1520;
				LastUpgradeCheck = 1520;
				TargetAttributes = {
					BBE828522B4F2C7000C1E1D9 = {
						CreatedOnToolsVersion = 15.2;
					};
				};
			};
			buildConfigurationList = BBE8284E2B4F2C7000C1E1D9 /* Build configuration list for PBXProject "Ruddarr" */;
			compatibilityVersion = "Xcode 14.0";
			developmentRegion = en;
			hasScannedForEncodings = 0;
			knownRegions = (
				en,
				Base,
			);
			mainGroup = BBE8284A2B4F2C7000C1E1D9;
			packageReferences = (
				BBA54BE12B563E2000CA0F3E /* XCRemoteSwiftPackageReference "Nuke" */,
			);
			productRefGroup = BBE828542B4F2C7000C1E1D9 /* Products */;
			projectDirPath = "";
			projectRoot = "";
			targets = (
				BBE828522B4F2C7000C1E1D9 /* Ruddarr */,
			);
		};
/* End PBXProject section */

/* Begin PBXResourcesBuildPhase section */
		BBE828512B4F2C7000C1E1D9 /* Resources */ = {
			isa = PBXResourcesBuildPhase;
			buildActionMask = 2147483647;
			files = (
				BBE1E4432B51FA0200946222 /* movie-lookup.json in Resources */,
				BBE1E4412B51F9DC00946222 /* movies.json in Resources */,
				BBE8285F2B4F2C7100C1E1D9 /* Preview Assets.xcassets in Resources */,
				BBE8285B2B4F2C7100C1E1D9 /* Assets.xcassets in Resources */,
			);
			runOnlyForDeploymentPostprocessing = 0;
		};
/* End PBXResourcesBuildPhase section */

/* Begin PBXShellScriptBuildPhase section */
		BB9D7AFA2B58A675001C5E3C /* SwiftLint */ = {
			isa = PBXShellScriptBuildPhase;
			buildActionMask = 2147483647;
			files = (
			);
			inputFileListPaths = (
			);
			inputPaths = (
			);
			name = SwiftLint;
			outputFileListPaths = (
			);
			outputPaths = (
			);
			runOnlyForDeploymentPostprocessing = 0;
			shellPath = /bin/sh;
			shellScript = "if [[ \"$(uname -m)\" == arm64 ]]; then\n    export PATH=\"/opt/homebrew/bin:$PATH\"\nfi\n\nif which swiftlint > /dev/null; then\n  # swiftlint --fix && swiftlint\n  swiftlint\nelse\n  echo \"warning: SwiftLint not installed, download from https://github.com/realm/SwiftLint\"\nfi\n";
		};
/* End PBXShellScriptBuildPhase section */

/* Begin PBXSourcesBuildPhase section */
		BBE8284F2B4F2C7000C1E1D9 /* Sources */ = {
			isa = PBXSourcesBuildPhase;
			buildActionMask = 2147483647;
			files = (
				BBF477A92B4FA20B00C2DED3 /* SettingsView.swift in Sources */,
				BB456D232B58C71300C29B00 /* NoInternet.swift in Sources */,
				BBE828592B4F2C7000C1E1D9 /* ContentView.swift in Sources */,
				BBE828682B4F320F00C1E1D9 /* MoviesView.swift in Sources */,
				BBE828572B4F2C7000C1E1D9 /* RuddarrApp.swift in Sources */,
				BBC45B962B572A8600AB258F /* PreviewData.swift in Sources */,
				BB456D202B58B7E700C29B00 /* Network.swift in Sources */,
				BBE1E43F2B51F61700946222 /* MovieLookup.swift in Sources */,
				BBB936222B58A24800457E66 /* API.swift in Sources */,
				BBF94F652B50C88300300EBA /* Instance.swift in Sources */,
				BBE8286A2B4F325400C1E1D9 /* ShowsView.swift in Sources */,
				BBF94F632B508F8B00300EBA /* MovieView.swift in Sources */,
				BBE0DE5F2B51A86B00E7B5C9 /* MovieSearchView.swift in Sources */,
				BB9255CE2B54657900967F84 /* InstanceForm.swift in Sources */,
				BBA54BDE2B561FB200CA0F3E /* CachedAsyncImage.swift in Sources */,
				BBE8286C2B4F360700C1E1D9 /* Movie.swift in Sources */,
			);
			runOnlyForDeploymentPostprocessing = 0;
		};
/* End PBXSourcesBuildPhase section */

/* Begin XCBuildConfiguration section */
		BBE828602B4F2C7100C1E1D9 /* Debug */ = {
			isa = XCBuildConfiguration;
			buildSettings = {
				ALWAYS_SEARCH_USER_PATHS = NO;
				ASSETCATALOG_COMPILER_GENERATE_SWIFT_ASSET_SYMBOL_EXTENSIONS = YES;
				CLANG_ANALYZER_NONNULL = YES;
				CLANG_ANALYZER_NUMBER_OBJECT_CONVERSION = YES_AGGRESSIVE;
				CLANG_CXX_LANGUAGE_STANDARD = "gnu++20";
				CLANG_ENABLE_MODULES = YES;
				CLANG_ENABLE_OBJC_ARC = YES;
				CLANG_ENABLE_OBJC_WEAK = YES;
				CLANG_WARN_BLOCK_CAPTURE_AUTORELEASING = YES;
				CLANG_WARN_BOOL_CONVERSION = YES;
				CLANG_WARN_COMMA = YES;
				CLANG_WARN_CONSTANT_CONVERSION = YES;
				CLANG_WARN_DEPRECATED_OBJC_IMPLEMENTATIONS = YES;
				CLANG_WARN_DIRECT_OBJC_ISA_USAGE = YES_ERROR;
				CLANG_WARN_DOCUMENTATION_COMMENTS = YES;
				CLANG_WARN_EMPTY_BODY = YES;
				CLANG_WARN_ENUM_CONVERSION = YES;
				CLANG_WARN_INFINITE_RECURSION = YES;
				CLANG_WARN_INT_CONVERSION = YES;
				CLANG_WARN_NON_LITERAL_NULL_CONVERSION = YES;
				CLANG_WARN_OBJC_IMPLICIT_RETAIN_SELF = YES;
				CLANG_WARN_OBJC_LITERAL_CONVERSION = YES;
				CLANG_WARN_OBJC_ROOT_CLASS = YES_ERROR;
				CLANG_WARN_QUOTED_INCLUDE_IN_FRAMEWORK_HEADER = YES;
				CLANG_WARN_RANGE_LOOP_ANALYSIS = YES;
				CLANG_WARN_STRICT_PROTOTYPES = YES;
				CLANG_WARN_SUSPICIOUS_MOVE = YES;
				CLANG_WARN_UNGUARDED_AVAILABILITY = YES_AGGRESSIVE;
				CLANG_WARN_UNREACHABLE_CODE = YES;
				CLANG_WARN__DUPLICATE_METHOD_MATCH = YES;
				COPY_PHASE_STRIP = NO;
				DEBUG_INFORMATION_FORMAT = dwarf;
				ENABLE_STRICT_OBJC_MSGSEND = YES;
				ENABLE_TESTABILITY = YES;
				ENABLE_USER_SCRIPT_SANDBOXING = YES;
				GCC_C_LANGUAGE_STANDARD = gnu17;
				GCC_DYNAMIC_NO_PIC = NO;
				GCC_NO_COMMON_BLOCKS = YES;
				GCC_OPTIMIZATION_LEVEL = 0;
				GCC_PREPROCESSOR_DEFINITIONS = (
					"DEBUG=1",
					"$(inherited)",
				);
				GCC_WARN_64_TO_32_BIT_CONVERSION = YES;
				GCC_WARN_ABOUT_RETURN_TYPE = YES_ERROR;
				GCC_WARN_UNDECLARED_SELECTOR = YES;
				GCC_WARN_UNINITIALIZED_AUTOS = YES_AGGRESSIVE;
				GCC_WARN_UNUSED_FUNCTION = YES;
				GCC_WARN_UNUSED_VARIABLE = YES;
				IPHONEOS_DEPLOYMENT_TARGET = 17.0;
				LOCALIZATION_PREFERS_STRING_CATALOGS = YES;
				MTL_ENABLE_DEBUG_INFO = INCLUDE_SOURCE;
				MTL_FAST_MATH = YES;
				ONLY_ACTIVE_ARCH = YES;
				SWIFT_ACTIVE_COMPILATION_CONDITIONS = "DEBUG $(inherited)";
				SWIFT_OPTIMIZATION_LEVEL = "-Onone";
			};
			name = Debug;
		};
		BBE828612B4F2C7100C1E1D9 /* Release */ = {
			isa = XCBuildConfiguration;
			buildSettings = {
				ALWAYS_SEARCH_USER_PATHS = NO;
				ASSETCATALOG_COMPILER_GENERATE_SWIFT_ASSET_SYMBOL_EXTENSIONS = YES;
				CLANG_ANALYZER_NONNULL = YES;
				CLANG_ANALYZER_NUMBER_OBJECT_CONVERSION = YES_AGGRESSIVE;
				CLANG_CXX_LANGUAGE_STANDARD = "gnu++20";
				CLANG_ENABLE_MODULES = YES;
				CLANG_ENABLE_OBJC_ARC = YES;
				CLANG_ENABLE_OBJC_WEAK = YES;
				CLANG_WARN_BLOCK_CAPTURE_AUTORELEASING = YES;
				CLANG_WARN_BOOL_CONVERSION = YES;
				CLANG_WARN_COMMA = YES;
				CLANG_WARN_CONSTANT_CONVERSION = YES;
				CLANG_WARN_DEPRECATED_OBJC_IMPLEMENTATIONS = YES;
				CLANG_WARN_DIRECT_OBJC_ISA_USAGE = YES_ERROR;
				CLANG_WARN_DOCUMENTATION_COMMENTS = YES;
				CLANG_WARN_EMPTY_BODY = YES;
				CLANG_WARN_ENUM_CONVERSION = YES;
				CLANG_WARN_INFINITE_RECURSION = YES;
				CLANG_WARN_INT_CONVERSION = YES;
				CLANG_WARN_NON_LITERAL_NULL_CONVERSION = YES;
				CLANG_WARN_OBJC_IMPLICIT_RETAIN_SELF = YES;
				CLANG_WARN_OBJC_LITERAL_CONVERSION = YES;
				CLANG_WARN_OBJC_ROOT_CLASS = YES_ERROR;
				CLANG_WARN_QUOTED_INCLUDE_IN_FRAMEWORK_HEADER = YES;
				CLANG_WARN_RANGE_LOOP_ANALYSIS = YES;
				CLANG_WARN_STRICT_PROTOTYPES = YES;
				CLANG_WARN_SUSPICIOUS_MOVE = YES;
				CLANG_WARN_UNGUARDED_AVAILABILITY = YES_AGGRESSIVE;
				CLANG_WARN_UNREACHABLE_CODE = YES;
				CLANG_WARN__DUPLICATE_METHOD_MATCH = YES;
				COPY_PHASE_STRIP = NO;
				DEBUG_INFORMATION_FORMAT = "dwarf-with-dsym";
				ENABLE_NS_ASSERTIONS = NO;
				ENABLE_STRICT_OBJC_MSGSEND = YES;
				ENABLE_USER_SCRIPT_SANDBOXING = YES;
				GCC_C_LANGUAGE_STANDARD = gnu17;
				GCC_NO_COMMON_BLOCKS = YES;
				GCC_WARN_64_TO_32_BIT_CONVERSION = YES;
				GCC_WARN_ABOUT_RETURN_TYPE = YES_ERROR;
				GCC_WARN_UNDECLARED_SELECTOR = YES;
				GCC_WARN_UNINITIALIZED_AUTOS = YES_AGGRESSIVE;
				GCC_WARN_UNUSED_FUNCTION = YES;
				GCC_WARN_UNUSED_VARIABLE = YES;
				IPHONEOS_DEPLOYMENT_TARGET = 17.0;
				LOCALIZATION_PREFERS_STRING_CATALOGS = YES;
				MTL_ENABLE_DEBUG_INFO = NO;
				MTL_FAST_MATH = YES;
				SWIFT_COMPILATION_MODE = wholemodule;
			};
			name = Release;
		};
		BBE828632B4F2C7100C1E1D9 /* Debug */ = {
			isa = XCBuildConfiguration;
			buildSettings = {
				ASSETCATALOG_COMPILER_APPICON_NAME = AppIcon;
				ASSETCATALOG_COMPILER_GLOBAL_ACCENT_COLOR_NAME = AccentColor;
				CODE_SIGN_ENTITLEMENTS = Ruddarr/Ruddarr.entitlements;
				CODE_SIGN_IDENTITY = "Apple Development";
				CODE_SIGN_STYLE = Automatic;
				CURRENT_PROJECT_VERSION = 1;
				DEVELOPMENT_ASSET_PATHS = "\"Ruddarr/Preview Content\"";
				DEVELOPMENT_TEAM = B9ZZ8GLWRA;
				ENABLE_HARDENED_RUNTIME = YES;
				ENABLE_PREVIEWS = YES;
				ENABLE_USER_SCRIPT_SANDBOXING = NO;
				GENERATE_INFOPLIST_FILE = YES;
				"INFOPLIST_KEY_UIApplicationSceneManifest_Generation[sdk=iphoneos*]" = YES;
				"INFOPLIST_KEY_UIApplicationSceneManifest_Generation[sdk=iphonesimulator*]" = YES;
				"INFOPLIST_KEY_UIApplicationSupportsIndirectInputEvents[sdk=iphoneos*]" = YES;
				"INFOPLIST_KEY_UIApplicationSupportsIndirectInputEvents[sdk=iphonesimulator*]" = YES;
				"INFOPLIST_KEY_UILaunchScreen_Generation[sdk=iphoneos*]" = YES;
				"INFOPLIST_KEY_UILaunchScreen_Generation[sdk=iphonesimulator*]" = YES;
				"INFOPLIST_KEY_UIStatusBarStyle[sdk=iphoneos*]" = UIStatusBarStyleDefault;
				"INFOPLIST_KEY_UIStatusBarStyle[sdk=iphonesimulator*]" = UIStatusBarStyleDefault;
				INFOPLIST_KEY_UISupportedInterfaceOrientations_iPad = "UIInterfaceOrientationPortrait UIInterfaceOrientationPortraitUpsideDown UIInterfaceOrientationLandscapeLeft UIInterfaceOrientationLandscapeRight";
				INFOPLIST_KEY_UISupportedInterfaceOrientations_iPhone = "UIInterfaceOrientationPortrait UIInterfaceOrientationLandscapeLeft UIInterfaceOrientationLandscapeRight";
				IPHONEOS_DEPLOYMENT_TARGET = 17.0;
				LD_RUNPATH_SEARCH_PATHS = "@executable_path/Frameworks";
				"LD_RUNPATH_SEARCH_PATHS[sdk=macosx*]" = "@executable_path/../Frameworks";
				MACOSX_DEPLOYMENT_TARGET = 13.0;
				MARKETING_VERSION = 1.0;
				PRODUCT_BUNDLE_IDENTIFIER = com.ruddarr;
				PRODUCT_NAME = "$(TARGET_NAME)";
				PROVISIONING_PROFILE_SPECIFIER = "";
				SDKROOT = auto;
				SUPPORTED_PLATFORMS = "iphoneos iphonesimulator";
				SUPPORTS_MACCATALYST = NO;
				SUPPORTS_MAC_DESIGNED_FOR_IPHONE_IPAD = YES;
				SWIFT_EMIT_LOC_STRINGS = YES;
				SWIFT_VERSION = 5.0;
				TARGETED_DEVICE_FAMILY = "1,2";
			};
			name = Debug;
		};
		BBE828642B4F2C7100C1E1D9 /* Release */ = {
			isa = XCBuildConfiguration;
			buildSettings = {
				ASSETCATALOG_COMPILER_APPICON_NAME = AppIcon;
				ASSETCATALOG_COMPILER_GLOBAL_ACCENT_COLOR_NAME = AccentColor;
				CODE_SIGN_ENTITLEMENTS = Ruddarr/Ruddarr.entitlements;
				CODE_SIGN_IDENTITY = "Apple Development";
				CODE_SIGN_STYLE = Automatic;
				CURRENT_PROJECT_VERSION = 1;
				DEVELOPMENT_ASSET_PATHS = "\"Ruddarr/Preview Content\"";
				DEVELOPMENT_TEAM = B9ZZ8GLWRA;
				ENABLE_HARDENED_RUNTIME = YES;
				ENABLE_PREVIEWS = YES;
				ENABLE_USER_SCRIPT_SANDBOXING = NO;
				GENERATE_INFOPLIST_FILE = YES;
				"INFOPLIST_KEY_UIApplicationSceneManifest_Generation[sdk=iphoneos*]" = YES;
				"INFOPLIST_KEY_UIApplicationSceneManifest_Generation[sdk=iphonesimulator*]" = YES;
				"INFOPLIST_KEY_UIApplicationSupportsIndirectInputEvents[sdk=iphoneos*]" = YES;
				"INFOPLIST_KEY_UIApplicationSupportsIndirectInputEvents[sdk=iphonesimulator*]" = YES;
				"INFOPLIST_KEY_UILaunchScreen_Generation[sdk=iphoneos*]" = YES;
				"INFOPLIST_KEY_UILaunchScreen_Generation[sdk=iphonesimulator*]" = YES;
				"INFOPLIST_KEY_UIStatusBarStyle[sdk=iphoneos*]" = UIStatusBarStyleDefault;
				"INFOPLIST_KEY_UIStatusBarStyle[sdk=iphonesimulator*]" = UIStatusBarStyleDefault;
				INFOPLIST_KEY_UISupportedInterfaceOrientations_iPad = "UIInterfaceOrientationPortrait UIInterfaceOrientationPortraitUpsideDown UIInterfaceOrientationLandscapeLeft UIInterfaceOrientationLandscapeRight";
				INFOPLIST_KEY_UISupportedInterfaceOrientations_iPhone = "UIInterfaceOrientationPortrait UIInterfaceOrientationLandscapeLeft UIInterfaceOrientationLandscapeRight";
				IPHONEOS_DEPLOYMENT_TARGET = 17.0;
				LD_RUNPATH_SEARCH_PATHS = "@executable_path/Frameworks";
				"LD_RUNPATH_SEARCH_PATHS[sdk=macosx*]" = "@executable_path/../Frameworks";
				MACOSX_DEPLOYMENT_TARGET = 13.0;
				MARKETING_VERSION = 1.0;
				PRODUCT_BUNDLE_IDENTIFIER = com.ruddarr;
				PRODUCT_NAME = "$(TARGET_NAME)";
				PROVISIONING_PROFILE_SPECIFIER = "";
				SDKROOT = auto;
				SUPPORTED_PLATFORMS = "iphoneos iphonesimulator";
				SUPPORTS_MACCATALYST = NO;
				SUPPORTS_MAC_DESIGNED_FOR_IPHONE_IPAD = YES;
				SWIFT_EMIT_LOC_STRINGS = YES;
				SWIFT_VERSION = 5.0;
				TARGETED_DEVICE_FAMILY = "1,2";
			};
			name = Release;
		};
/* End XCBuildConfiguration section */

/* Begin XCConfigurationList section */
		BBE8284E2B4F2C7000C1E1D9 /* Build configuration list for PBXProject "Ruddarr" */ = {
			isa = XCConfigurationList;
			buildConfigurations = (
				BBE828602B4F2C7100C1E1D9 /* Debug */,
				BBE828612B4F2C7100C1E1D9 /* Release */,
			);
			defaultConfigurationIsVisible = 0;
			defaultConfigurationName = Release;
		};
		BBE828622B4F2C7100C1E1D9 /* Build configuration list for PBXNativeTarget "Ruddarr" */ = {
			isa = XCConfigurationList;
			buildConfigurations = (
				BBE828632B4F2C7100C1E1D9 /* Debug */,
				BBE828642B4F2C7100C1E1D9 /* Release */,
			);
			defaultConfigurationIsVisible = 0;
			defaultConfigurationName = Release;
		};
/* End XCConfigurationList section */

/* Begin XCRemoteSwiftPackageReference section */
		BBA54BE12B563E2000CA0F3E /* XCRemoteSwiftPackageReference "Nuke" */ = {
			isa = XCRemoteSwiftPackageReference;
			repositoryURL = "https://github.com/kean/Nuke";
			requirement = {
				kind = upToNextMajorVersion;
				minimumVersion = 12.0.0;
			};
		};
/* End XCRemoteSwiftPackageReference section */

/* Begin XCSwiftPackageProductDependency section */
		BBA54BE22B563E2000CA0F3E /* Nuke */ = {
			isa = XCSwiftPackageProductDependency;
			package = BBA54BE12B563E2000CA0F3E /* XCRemoteSwiftPackageReference "Nuke" */;
			productName = Nuke;
		};
		BBA54BE42B563E2000CA0F3E /* NukeUI */ = {
			isa = XCSwiftPackageProductDependency;
			package = BBA54BE12B563E2000CA0F3E /* XCRemoteSwiftPackageReference "Nuke" */;
			productName = NukeUI;
		};
		BBC45B8E2B56426700AB258F /* Nuke */ = {
			isa = XCSwiftPackageProductDependency;
			package = BBA54BE12B563E2000CA0F3E /* XCRemoteSwiftPackageReference "Nuke" */;
			productName = Nuke;
		};
		BBC45B902B56426700AB258F /* NukeExtensions */ = {
			isa = XCSwiftPackageProductDependency;
			package = BBA54BE12B563E2000CA0F3E /* XCRemoteSwiftPackageReference "Nuke" */;
			productName = NukeExtensions;
		};
		BBC45B922B56426700AB258F /* NukeUI */ = {
			isa = XCSwiftPackageProductDependency;
			package = BBA54BE12B563E2000CA0F3E /* XCRemoteSwiftPackageReference "Nuke" */;
			productName = NukeUI;
		};
/* End XCSwiftPackageProductDependency section */
	};
	rootObject = BBE8284B2B4F2C7000C1E1D9 /* Project object */;
}
