// !$*UTF8*$!
{
	archiveVersion = 1;
	classes = {
	};
	objectVersion = 56;
	objects = {

/* Begin PBXBuildFile section */
		79159D6C2B5953D700F7F997 /* Dependencies.swift in Sources */ = {isa = PBXBuildFile; fileRef = 79159D6B2B5953D700F7F997 /* Dependencies.swift */; };
		79159D6E2B5953E800F7F997 /* API.swift in Sources */ = {isa = PBXBuildFile; fileRef = 79159D6D2B5953E800F7F997 /* API.swift */; };
		79159D712B5955A800F7F997 /* DummyAPI.swift in Sources */ = {isa = PBXBuildFile; fileRef = 79159D702B5955A800F7F997 /* DummyAPI.swift */; };
		794BD7822B5ED48E003819AB /* Binding.swift in Sources */ = {isa = PBXBuildFile; fileRef = 794BD7812B5ED48E003819AB /* Binding.swift */; };
		795B7AD72B5AFA8C00A13DB3 /* AppError.swift in Sources */ = {isa = PBXBuildFile; fileRef = 795B7AD62B5AFA8C00A13DB3 /* AppError.swift */; };
		796C766D2B62A3B700EF3DB8 /* Store.swift in Sources */ = {isa = PBXBuildFile; fileRef = 796C766C2B62A3B700EF3DB8 /* Store.swift */; };
		798010BA2B61719C00BBC056 /* Router.swift in Sources */ = {isa = PBXBuildFile; fileRef = 798010B92B61719C00BBC056 /* Router.swift */; };
		798010BD2B6268D200BBC056 /* RawRepresentable.swift in Sources */ = {isa = PBXBuildFile; fileRef = 798010BC2B6268D200BBC056 /* RawRepresentable.swift */; };
		798010BF2B6268DE00BBC056 /* MovieSort.swift in Sources */ = {isa = PBXBuildFile; fileRef = 798010BE2B6268DE00BBC056 /* MovieSort.swift */; };
		BB01B1F42B6465730025FAF4 /* View.swift in Sources */ = {isa = PBXBuildFile; fileRef = BB01B1F32B6465730025FAF4 /* View.swift */; };
		BB0E8E892B66E91800DF8294 /* StatusMessage.swift in Sources */ = {isa = PBXBuildFile; fileRef = BB0E8E882B66E91800DF8294 /* StatusMessage.swift */; };
		BB25DC612B62ECF700FE55A0 /* InstanceRow.swift in Sources */ = {isa = PBXBuildFile; fileRef = BB25DC602B62ECF700FE55A0 /* InstanceRow.swift */; };
		BB25DC642B62ED9100FE55A0 /* LibrariesView.swift in Sources */ = {isa = PBXBuildFile; fileRef = BB25DC632B62ED9100FE55A0 /* LibrariesView.swift */; };
		BB25DC662B62EDC700FE55A0 /* MovieGridItem.swift in Sources */ = {isa = PBXBuildFile; fileRef = BB25DC652B62EDC700FE55A0 /* MovieGridItem.swift */; };
		BB25DC682B630B9000FE55A0 /* MovieDetails.swift in Sources */ = {isa = PBXBuildFile; fileRef = BB25DC672B630B9000FE55A0 /* MovieDetails.swift */; };
		BB25DC6A2B63161E00FE55A0 /* MovieForm.swift in Sources */ = {isa = PBXBuildFile; fileRef = BB25DC692B63161E00FE55A0 /* MovieForm.swift */; };
		BB456D232B58C71300C29B00 /* NoInternet.swift in Sources */ = {isa = PBXBuildFile; fileRef = BB456D222B58C71300C29B00 /* NoInternet.swift */; };
		BB456D272B58E4B900C29B00 /* system-status.json in Resources */ = {isa = PBXBuildFile; fileRef = BB456D262B58E4B900C29B00 /* system-status.json */; };
		BB6D96952B61E61D0017BFB3 /* AppSettings.swift in Sources */ = {isa = PBXBuildFile; fileRef = BB6D96942B61E61D0017BFB3 /* AppSettings.swift */; };
		BB7602752B62027C006E5A1F /* quality-profiles.json in Resources */ = {isa = PBXBuildFile; fileRef = BB7602742B62027C006E5A1F /* quality-profiles.json */; };
		BB8B3DF22B61713500B80E2D /* MovieEditView.swift in Sources */ = {isa = PBXBuildFile; fileRef = BB8B3DF12B61713500B80E2D /* MovieEditView.swift */; };
		BB8B3DF42B617FE800B80E2D /* root-folders.json in Resources */ = {isa = PBXBuildFile; fileRef = BB8B3DF32B617FE800B80E2D /* root-folders.json */; };
		BB9255CE2B54657900967F84 /* InstanceView.swift in Sources */ = {isa = PBXBuildFile; fileRef = BB9255CD2B54657900967F84 /* InstanceView.swift */; };
		BB93FDD62B6337920047A9FF /* MovieSearchSheet.swift in Sources */ = {isa = PBXBuildFile; fileRef = BB93FDD52B6337920047A9FF /* MovieSearchSheet.swift */; };
		BBA54BDE2B561FB200CA0F3E /* CachedAsyncImage.swift in Sources */ = {isa = PBXBuildFile; fileRef = BBA54BDD2B561FB200CA0F3E /* CachedAsyncImage.swift */; };
		BBA54BE32B563E2000CA0F3E /* Nuke in Frameworks */ = {isa = PBXBuildFile; productRef = BBA54BE22B563E2000CA0F3E /* Nuke */; };
		BBA54BE52B563E2000CA0F3E /* NukeUI in Frameworks */ = {isa = PBXBuildFile; productRef = BBA54BE42B563E2000CA0F3E /* NukeUI */; };
		BBBE93162B68638400353216 /* Theme.swift in Sources */ = {isa = PBXBuildFile; fileRef = BBBE93152B68638400353216 /* Theme.swift */; };
		BBC136A42B62DD780074C7AA /* Network.swift in Sources */ = {isa = PBXBuildFile; fileRef = BBC136A32B62DD780074C7AA /* Network.swift */; };
		BBC45B8F2B56426700AB258F /* Nuke in Frameworks */ = {isa = PBXBuildFile; productRef = BBC45B8E2B56426700AB258F /* Nuke */; };
		BBC45B912B56426700AB258F /* NukeExtensions in Frameworks */ = {isa = PBXBuildFile; productRef = BBC45B902B56426700AB258F /* NukeExtensions */; };
		BBC45B932B56426700AB258F /* NukeUI in Frameworks */ = {isa = PBXBuildFile; productRef = BBC45B922B56426700AB258F /* NukeUI */; };
		BBC45B962B572A8600AB258F /* PreviewData.swift in Sources */ = {isa = PBXBuildFile; fileRef = BBC45B952B572A8600AB258F /* PreviewData.swift */; };
		BBC94DE32B5F3DE600504568 /* CloudStorage.swift in Sources */ = {isa = PBXBuildFile; fileRef = BBC94DE22B5F3DE600504568 /* CloudStorage.swift */; };
		BBC94DE52B5F3E0B00504568 /* CloudStorageSync.swift in Sources */ = {isa = PBXBuildFile; fileRef = BBC94DE42B5F3E0B00504568 /* CloudStorageSync.swift */; };
		BBC94DE92B5F63A000504568 /* Telemetry.swift in Sources */ = {isa = PBXBuildFile; fileRef = BBC94DE82B5F63A000504568 /* Telemetry.swift */; };
		BBE0DE5F2B51A86B00E7B5C9 /* MovieSearchView.swift in Sources */ = {isa = PBXBuildFile; fileRef = BBE0DE5E2B51A86B00E7B5C9 /* MovieSearchView.swift */; };
		BBE1E43F2B51F61700946222 /* MovieLookup.swift in Sources */ = {isa = PBXBuildFile; fileRef = BBE1E43E2B51F61700946222 /* MovieLookup.swift */; };
		BBE1E4412B51F9DC00946222 /* movies.json in Resources */ = {isa = PBXBuildFile; fileRef = BBE1E4402B51F9DC00946222 /* movies.json */; };
		BBE1E4432B51FA0200946222 /* movie-lookup.json in Resources */ = {isa = PBXBuildFile; fileRef = BBE1E4422B51FA0200946222 /* movie-lookup.json */; };
		BBE7F8A72B6423A60014DD57 /* Movies.swift in Sources */ = {isa = PBXBuildFile; fileRef = BBE7F8A62B6423A60014DD57 /* Movies.swift */; };
		BBE7F8A92B6424350014DD57 /* RadarrInstance.swift in Sources */ = {isa = PBXBuildFile; fileRef = BBE7F8A82B6424350014DD57 /* RadarrInstance.swift */; };
		BBE828572B4F2C7000C1E1D9 /* RuddarrApp.swift in Sources */ = {isa = PBXBuildFile; fileRef = BBE828562B4F2C7000C1E1D9 /* RuddarrApp.swift */; };
		BBE828592B4F2C7000C1E1D9 /* ContentView.swift in Sources */ = {isa = PBXBuildFile; fileRef = BBE828582B4F2C7000C1E1D9 /* ContentView.swift */; };
		BBE8285B2B4F2C7100C1E1D9 /* Assets.xcassets in Resources */ = {isa = PBXBuildFile; fileRef = BBE8285A2B4F2C7100C1E1D9 /* Assets.xcassets */; };
		BBE8285F2B4F2C7100C1E1D9 /* Preview Assets.xcassets in Resources */ = {isa = PBXBuildFile; fileRef = BBE8285E2B4F2C7100C1E1D9 /* Preview Assets.xcassets */; };
		BBE828682B4F320F00C1E1D9 /* MoviesView.swift in Sources */ = {isa = PBXBuildFile; fileRef = BBE828672B4F320F00C1E1D9 /* MoviesView.swift */; };
		BBE8286A2B4F325400C1E1D9 /* ShowsView.swift in Sources */ = {isa = PBXBuildFile; fileRef = BBE828692B4F325400C1E1D9 /* ShowsView.swift */; };
		BBE8286C2B4F360700C1E1D9 /* Movie.swift in Sources */ = {isa = PBXBuildFile; fileRef = BBE8286B2B4F360700C1E1D9 /* Movie.swift */; };
		BBF477A92B4FA20B00C2DED3 /* SettingsView.swift in Sources */ = {isa = PBXBuildFile; fileRef = BBF477A82B4FA20B00C2DED3 /* SettingsView.swift */; };
		BBF706BC2B6220BF00B2B504 /* Logger.swift in Sources */ = {isa = PBXBuildFile; fileRef = BBF706BB2B6220BF00B2B504 /* Logger.swift */; };
		BBF94F632B508F8B00300EBA /* MovieView.swift in Sources */ = {isa = PBXBuildFile; fileRef = BBF94F622B508F8B00300EBA /* MovieView.swift */; };
		BBF94F652B50C88300300EBA /* Instance.swift in Sources */ = {isa = PBXBuildFile; fileRef = BBF94F642B50C88300300EBA /* Instance.swift */; };
/* End PBXBuildFile section */

/* Begin PBXFileReference section */
		79159D6B2B5953D700F7F997 /* Dependencies.swift */ = {isa = PBXFileReference; lastKnownFileType = sourcecode.swift; path = Dependencies.swift; sourceTree = "<group>"; };
		79159D6D2B5953E800F7F997 /* API.swift */ = {isa = PBXFileReference; lastKnownFileType = sourcecode.swift; path = API.swift; sourceTree = "<group>"; };
		79159D702B5955A800F7F997 /* DummyAPI.swift */ = {isa = PBXFileReference; lastKnownFileType = sourcecode.swift; path = DummyAPI.swift; sourceTree = "<group>"; };
		794BD7812B5ED48E003819AB /* Binding.swift */ = {isa = PBXFileReference; lastKnownFileType = sourcecode.swift; path = Binding.swift; sourceTree = "<group>"; };
		795B7AD62B5AFA8C00A13DB3 /* AppError.swift */ = {isa = PBXFileReference; lastKnownFileType = sourcecode.swift; path = AppError.swift; sourceTree = "<group>"; };
		796C766C2B62A3B700EF3DB8 /* Store.swift */ = {isa = PBXFileReference; lastKnownFileType = sourcecode.swift; path = Store.swift; sourceTree = "<group>"; };
		798010B92B61719C00BBC056 /* Router.swift */ = {isa = PBXFileReference; lastKnownFileType = sourcecode.swift; path = Router.swift; sourceTree = "<group>"; };
		798010BC2B6268D200BBC056 /* RawRepresentable.swift */ = {isa = PBXFileReference; lastKnownFileType = sourcecode.swift; path = RawRepresentable.swift; sourceTree = "<group>"; };
		798010BE2B6268DE00BBC056 /* MovieSort.swift */ = {isa = PBXFileReference; lastKnownFileType = sourcecode.swift; path = MovieSort.swift; sourceTree = "<group>"; };
		BB01B1F32B6465730025FAF4 /* View.swift */ = {isa = PBXFileReference; lastKnownFileType = sourcecode.swift; path = View.swift; sourceTree = "<group>"; };
		BB0E8E882B66E91800DF8294 /* StatusMessage.swift */ = {isa = PBXFileReference; lastKnownFileType = sourcecode.swift; path = StatusMessage.swift; sourceTree = "<group>"; };
		BB25DC602B62ECF700FE55A0 /* InstanceRow.swift */ = {isa = PBXFileReference; lastKnownFileType = sourcecode.swift; path = InstanceRow.swift; sourceTree = "<group>"; };
		BB25DC632B62ED9100FE55A0 /* LibrariesView.swift */ = {isa = PBXFileReference; lastKnownFileType = sourcecode.swift; path = LibrariesView.swift; sourceTree = "<group>"; };
		BB25DC652B62EDC700FE55A0 /* MovieGridItem.swift */ = {isa = PBXFileReference; lastKnownFileType = sourcecode.swift; path = MovieGridItem.swift; sourceTree = "<group>"; };
		BB25DC672B630B9000FE55A0 /* MovieDetails.swift */ = {isa = PBXFileReference; lastKnownFileType = sourcecode.swift; path = MovieDetails.swift; sourceTree = "<group>"; };
		BB25DC692B63161E00FE55A0 /* MovieForm.swift */ = {isa = PBXFileReference; lastKnownFileType = sourcecode.swift; path = MovieForm.swift; sourceTree = "<group>"; };
		BB456D222B58C71300C29B00 /* NoInternet.swift */ = {isa = PBXFileReference; lastKnownFileType = sourcecode.swift; path = NoInternet.swift; sourceTree = "<group>"; };
		BB456D262B58E4B900C29B00 /* system-status.json */ = {isa = PBXFileReference; lastKnownFileType = text.json; path = "system-status.json"; sourceTree = "<group>"; };
		BB6D96942B61E61D0017BFB3 /* AppSettings.swift */ = {isa = PBXFileReference; lastKnownFileType = sourcecode.swift; path = AppSettings.swift; sourceTree = "<group>"; };
		BB7602742B62027C006E5A1F /* quality-profiles.json */ = {isa = PBXFileReference; lastKnownFileType = text.json; path = "quality-profiles.json"; sourceTree = "<group>"; };
		BB8B3DF12B61713500B80E2D /* MovieEditView.swift */ = {isa = PBXFileReference; lastKnownFileType = sourcecode.swift; path = MovieEditView.swift; sourceTree = "<group>"; };
		BB8B3DF32B617FE800B80E2D /* root-folders.json */ = {isa = PBXFileReference; lastKnownFileType = text.json; path = "root-folders.json"; sourceTree = "<group>"; };
		BB9255CD2B54657900967F84 /* InstanceView.swift */ = {isa = PBXFileReference; lastKnownFileType = sourcecode.swift; path = InstanceView.swift; sourceTree = "<group>"; };
		BB93FDD52B6337920047A9FF /* MovieSearchSheet.swift */ = {isa = PBXFileReference; lastKnownFileType = sourcecode.swift; path = MovieSearchSheet.swift; sourceTree = "<group>"; };
		BBA54BDD2B561FB200CA0F3E /* CachedAsyncImage.swift */ = {isa = PBXFileReference; lastKnownFileType = sourcecode.swift; path = CachedAsyncImage.swift; sourceTree = "<group>"; };
		BBBE93152B68638400353216 /* Theme.swift */ = {isa = PBXFileReference; lastKnownFileType = sourcecode.swift; path = Theme.swift; sourceTree = "<group>"; };
		BBC136A32B62DD780074C7AA /* Network.swift */ = {isa = PBXFileReference; fileEncoding = 4; lastKnownFileType = sourcecode.swift; path = Network.swift; sourceTree = "<group>"; };
		BBC45B952B572A8600AB258F /* PreviewData.swift */ = {isa = PBXFileReference; lastKnownFileType = sourcecode.swift; path = PreviewData.swift; sourceTree = "<group>"; };
		BBC94DE22B5F3DE600504568 /* CloudStorage.swift */ = {isa = PBXFileReference; lastKnownFileType = sourcecode.swift; path = CloudStorage.swift; sourceTree = "<group>"; };
		BBC94DE42B5F3E0B00504568 /* CloudStorageSync.swift */ = {isa = PBXFileReference; lastKnownFileType = sourcecode.swift; path = CloudStorageSync.swift; sourceTree = "<group>"; };
		BBC94DE82B5F63A000504568 /* Telemetry.swift */ = {isa = PBXFileReference; lastKnownFileType = sourcecode.swift; path = Telemetry.swift; sourceTree = "<group>"; };
		BBE0DE5E2B51A86B00E7B5C9 /* MovieSearchView.swift */ = {isa = PBXFileReference; lastKnownFileType = sourcecode.swift; path = MovieSearchView.swift; sourceTree = "<group>"; };
		BBE1E43E2B51F61700946222 /* MovieLookup.swift */ = {isa = PBXFileReference; lastKnownFileType = sourcecode.swift; path = MovieLookup.swift; sourceTree = "<group>"; };
		BBE1E4402B51F9DC00946222 /* movies.json */ = {isa = PBXFileReference; lastKnownFileType = text.json; path = movies.json; sourceTree = "<group>"; };
		BBE1E4422B51FA0200946222 /* movie-lookup.json */ = {isa = PBXFileReference; lastKnownFileType = text.json; path = "movie-lookup.json"; sourceTree = "<group>"; };
		BBE7F8A62B6423A60014DD57 /* Movies.swift */ = {isa = PBXFileReference; lastKnownFileType = sourcecode.swift; path = Movies.swift; sourceTree = "<group>"; };
		BBE7F8A82B6424350014DD57 /* RadarrInstance.swift */ = {isa = PBXFileReference; lastKnownFileType = sourcecode.swift; path = RadarrInstance.swift; sourceTree = "<group>"; };
		BBE828532B4F2C7000C1E1D9 /* Ruddarr.app */ = {isa = PBXFileReference; explicitFileType = wrapper.application; includeInIndex = 0; path = Ruddarr.app; sourceTree = BUILT_PRODUCTS_DIR; };
		BBE828562B4F2C7000C1E1D9 /* RuddarrApp.swift */ = {isa = PBXFileReference; lastKnownFileType = sourcecode.swift; path = RuddarrApp.swift; sourceTree = "<group>"; };
		BBE828582B4F2C7000C1E1D9 /* ContentView.swift */ = {isa = PBXFileReference; lastKnownFileType = sourcecode.swift; path = ContentView.swift; sourceTree = "<group>"; };
		BBE8285A2B4F2C7100C1E1D9 /* Assets.xcassets */ = {isa = PBXFileReference; lastKnownFileType = folder.assetcatalog; path = Assets.xcassets; sourceTree = "<group>"; };
		BBE8285C2B4F2C7100C1E1D9 /* Ruddarr.entitlements */ = {isa = PBXFileReference; lastKnownFileType = text.plist.entitlements; path = Ruddarr.entitlements; sourceTree = "<group>"; };
		BBE8285E2B4F2C7100C1E1D9 /* Preview Assets.xcassets */ = {isa = PBXFileReference; lastKnownFileType = folder.assetcatalog; path = "Preview Assets.xcassets"; sourceTree = "<group>"; };
		BBE828672B4F320F00C1E1D9 /* MoviesView.swift */ = {isa = PBXFileReference; lastKnownFileType = sourcecode.swift; path = MoviesView.swift; sourceTree = "<group>"; };
		BBE828692B4F325400C1E1D9 /* ShowsView.swift */ = {isa = PBXFileReference; lastKnownFileType = sourcecode.swift; path = ShowsView.swift; sourceTree = "<group>"; };
		BBE8286B2B4F360700C1E1D9 /* Movie.swift */ = {isa = PBXFileReference; lastKnownFileType = sourcecode.swift; path = Movie.swift; sourceTree = "<group>"; };
		BBF477A82B4FA20B00C2DED3 /* SettingsView.swift */ = {isa = PBXFileReference; lastKnownFileType = sourcecode.swift; path = SettingsView.swift; sourceTree = "<group>"; };
		BBF706BB2B6220BF00B2B504 /* Logger.swift */ = {isa = PBXFileReference; lastKnownFileType = sourcecode.swift; path = Logger.swift; sourceTree = "<group>"; };
		BBF94F622B508F8B00300EBA /* MovieView.swift */ = {isa = PBXFileReference; lastKnownFileType = sourcecode.swift; path = MovieView.swift; sourceTree = "<group>"; };
		BBF94F642B50C88300300EBA /* Instance.swift */ = {isa = PBXFileReference; lastKnownFileType = sourcecode.swift; path = Instance.swift; sourceTree = "<group>"; };
/* End PBXFileReference section */

/* Begin PBXFrameworksBuildPhase section */
		BBE828502B4F2C7000C1E1D9 /* Frameworks */ = {
			isa = PBXFrameworksBuildPhase;
			buildActionMask = 2147483647;
			files = (
				BBA54BE52B563E2000CA0F3E /* NukeUI in Frameworks */,
				BBA54BE32B563E2000CA0F3E /* Nuke in Frameworks */,
				BBC45B932B56426700AB258F /* NukeUI in Frameworks */,
				BBC45B8F2B56426700AB258F /* Nuke in Frameworks */,
				BBC45B912B56426700AB258F /* NukeExtensions in Frameworks */,
			);
			runOnlyForDeploymentPostprocessing = 0;
		};
/* End PBXFrameworksBuildPhase section */

/* Begin PBXGroup section */
		79159D6A2B5953CD00F7F997 /* Dependencies */ = {
			isa = PBXGroup;
			children = (
				79159D6F2B59540000F7F997 /* API */,
				BBF706B92B621FCF00B2B504 /* CloudStorage */,
				79159D6B2B5953D700F7F997 /* Dependencies.swift */,
				798010B92B61719C00BBC056 /* Router.swift */,
				796C766C2B62A3B700EF3DB8 /* Store.swift */,
			);
			path = Dependencies;
			sourceTree = "<group>";
		};
		79159D6F2B59540000F7F997 /* API */ = {
			isa = PBXGroup;
			children = (
				79159D6D2B5953E800F7F997 /* API.swift */,
				79159D702B5955A800F7F997 /* DummyAPI.swift */,
			);
			path = API;
			sourceTree = "<group>";
		};
		BB25DC5F2B62ECC900FE55A0 /* Settings */ = {
			isa = PBXGroup;
			children = (
				BB9255CD2B54657900967F84 /* InstanceView.swift */,
				BB25DC632B62ED9100FE55A0 /* LibrariesView.swift */,
				BB25DC602B62ECF700FE55A0 /* InstanceRow.swift */,
			);
			path = Settings;
			sourceTree = "<group>";
		};
		BB25DC622B62ED2E00FE55A0 /* Movies */ = {
			isa = PBXGroup;
			children = (
				BBF94F622B508F8B00300EBA /* MovieView.swift */,
				BB8B3DF12B61713500B80E2D /* MovieEditView.swift */,
				BBE0DE5E2B51A86B00E7B5C9 /* MovieSearchView.swift */,
				BB93FDD52B6337920047A9FF /* MovieSearchSheet.swift */,
				BB25DC652B62EDC700FE55A0 /* MovieGridItem.swift */,
				BB25DC672B630B9000FE55A0 /* MovieDetails.swift */,
				BB25DC692B63161E00FE55A0 /* MovieForm.swift */,
			);
			path = Movies;
			sourceTree = "<group>";
		};
		BB456D212B58BDF300C29B00 /* Utilities */ = {
			isa = PBXGroup;
			children = (
				795B7AD62B5AFA8C00A13DB3 /* AppError.swift */,
				BB6D96942B61E61D0017BFB3 /* AppSettings.swift */,
				BBBE93152B68638400353216 /* Theme.swift */,
				794BD7812B5ED48E003819AB /* Binding.swift */,
				BBF706BB2B6220BF00B2B504 /* Logger.swift */,
				BB01B1F32B6465730025FAF4 /* View.swift */,
				BBC45B952B572A8600AB258F /* PreviewData.swift */,
				798010BC2B6268D200BBC056 /* RawRepresentable.swift */,
			);
			path = Utilities;
			sourceTree = "<group>";
		};
		BBC45B942B57078400AB258F /* Shared */ = {
			isa = PBXGroup;
			children = (
				BB456D222B58C71300C29B00 /* NoInternet.swift */,
				BB0E8E882B66E91800DF8294 /* StatusMessage.swift */,
				BBA54BDD2B561FB200CA0F3E /* CachedAsyncImage.swift */,
			);
			path = Shared;
			sourceTree = "<group>";
		};
		BBE8284A2B4F2C7000C1E1D9 = {
			isa = PBXGroup;
			children = (
				BBE828552B4F2C7000C1E1D9 /* Ruddarr */,
				BBE828542B4F2C7000C1E1D9 /* Products */,
			);
			sourceTree = "<group>";
		};
		BBE828542B4F2C7000C1E1D9 /* Products */ = {
			isa = PBXGroup;
			children = (
				BBE828532B4F2C7000C1E1D9 /* Ruddarr.app */,
			);
			name = Products;
			sourceTree = "<group>";
		};
		BBE828552B4F2C7000C1E1D9 /* Ruddarr */ = {
			isa = PBXGroup;
			children = (
				BBE828562B4F2C7000C1E1D9 /* RuddarrApp.swift */,
				79159D6A2B5953CD00F7F997 /* Dependencies */,
				BBF477A62B4F8AA300C2DED3 /* Models */,
				BBF477AA2B505C5D00C2DED3 /* Views */,
				BBF706BA2B62209700B2B504 /* Services */,
				BB456D212B58BDF300C29B00 /* Utilities */,
				BBE8285A2B4F2C7100C1E1D9 /* Assets.xcassets */,
				BBE8285C2B4F2C7100C1E1D9 /* Ruddarr.entitlements */,
				BBE8285D2B4F2C7100C1E1D9 /* Preview Content */,
			);
			path = Ruddarr;
			sourceTree = "<group>";
		};
		BBE8285D2B4F2C7100C1E1D9 /* Preview Content */ = {
			isa = PBXGroup;
			children = (
				BBE8285E2B4F2C7100C1E1D9 /* Preview Assets.xcassets */,
				BB456D262B58E4B900C29B00 /* system-status.json */,
				BBE1E4402B51F9DC00946222 /* movies.json */,
				BBE1E4422B51FA0200946222 /* movie-lookup.json */,
				BB8B3DF32B617FE800B80E2D /* root-folders.json */,
				BB7602742B62027C006E5A1F /* quality-profiles.json */,
			);
			path = "Preview Content";
			sourceTree = "<group>";
		};
		BBF477A62B4F8AA300C2DED3 /* Models */ = {
			isa = PBXGroup;
			children = (
				BBF94F642B50C88300300EBA /* Instance.swift */,
				BBE7F8A82B6424350014DD57 /* RadarrInstance.swift */,
				BBE8286B2B4F360700C1E1D9 /* Movie.swift */,
				BBE7F8A62B6423A60014DD57 /* Movies.swift */,
				BBE1E43E2B51F61700946222 /* MovieLookup.swift */,
				798010BE2B6268DE00BBC056 /* MovieSort.swift */,
			);
			path = Models;
			sourceTree = "<group>";
		};
		BBF477AA2B505C5D00C2DED3 /* Views */ = {
			isa = PBXGroup;
			children = (
				BB25DC622B62ED2E00FE55A0 /* Movies */,
				BB25DC5F2B62ECC900FE55A0 /* Settings */,
				BBC45B942B57078400AB258F /* Shared */,
				BBE828582B4F2C7000C1E1D9 /* ContentView.swift */,
				BBE828672B4F320F00C1E1D9 /* MoviesView.swift */,
				BBE828692B4F325400C1E1D9 /* ShowsView.swift */,
				BBF477A82B4FA20B00C2DED3 /* SettingsView.swift */,
			);
			path = Views;
			sourceTree = "<group>";
		};
		BBF706B92B621FCF00B2B504 /* CloudStorage */ = {
			isa = PBXGroup;
			children = (
				BBC94DE22B5F3DE600504568 /* CloudStorage.swift */,
				BBC94DE42B5F3E0B00504568 /* CloudStorageSync.swift */,
			);
			path = CloudStorage;
			sourceTree = "<group>";
		};
		BBF706BA2B62209700B2B504 /* Services */ = {
			isa = PBXGroup;
			children = (
				BBC94DE82B5F63A000504568 /* Telemetry.swift */,
				BBC136A32B62DD780074C7AA /* Network.swift */,
			);
			path = Services;
			sourceTree = "<group>";
		};
/* End PBXGroup section */

/* Begin PBXNativeTarget section */
		BBE828522B4F2C7000C1E1D9 /* Ruddarr */ = {
			isa = PBXNativeTarget;
			buildConfigurationList = BBE828622B4F2C7100C1E1D9 /* Build configuration list for PBXNativeTarget "Ruddarr" */;
			buildPhases = (
				BBE8284F2B4F2C7000C1E1D9 /* Sources */,
				BBE828502B4F2C7000C1E1D9 /* Frameworks */,
				BBE828512B4F2C7000C1E1D9 /* Resources */,
				BB9D7AFA2B58A675001C5E3C /* SwiftLint */,
			);
			buildRules = (
			);
			dependencies = (
			);
			name = Ruddarr;
			packageProductDependencies = (
				BBA54BE22B563E2000CA0F3E /* Nuke */,
				BBA54BE42B563E2000CA0F3E /* NukeUI */,
				BBC45B8E2B56426700AB258F /* Nuke */,
				BBC45B902B56426700AB258F /* NukeExtensions */,
				BBC45B922B56426700AB258F /* NukeUI */,
			);
			productName = Ruddarr;
			productReference = BBE828532B4F2C7000C1E1D9 /* Ruddarr.app */;
			productType = "com.apple.product-type.application";
		};
/* End PBXNativeTarget section */

/* Begin PBXProject section */
		BBE8284B2B4F2C7000C1E1D9 /* Project object */ = {
			isa = PBXProject;
			attributes = {
				BuildIndependentTargetsInParallel = 1;
				LastSwiftUpdateCheck = 1520;
				LastUpgradeCheck = 1520;
				TargetAttributes = {
					BBE828522B4F2C7000C1E1D9 = {
						CreatedOnToolsVersion = 15.2;
					};
				};
			};
			buildConfigurationList = BBE8284E2B4F2C7000C1E1D9 /* Build configuration list for PBXProject "Ruddarr" */;
			compatibilityVersion = "Xcode 14.0";
			developmentRegion = en;
			hasScannedForEncodings = 0;
			knownRegions = (
				en,
				Base,
			);
			mainGroup = BBE8284A2B4F2C7000C1E1D9;
			packageReferences = (
				BBA54BE12B563E2000CA0F3E /* XCRemoteSwiftPackageReference "Nuke" */,
			);
			productRefGroup = BBE828542B4F2C7000C1E1D9 /* Products */;
			projectDirPath = "";
			projectRoot = "";
			targets = (
				BBE828522B4F2C7000C1E1D9 /* Ruddarr */,
			);
		};
/* End PBXProject section */

/* Begin PBXResourcesBuildPhase section */
		BBE828512B4F2C7000C1E1D9 /* Resources */ = {
			isa = PBXResourcesBuildPhase;
			buildActionMask = 2147483647;
			files = (
				BBE1E4432B51FA0200946222 /* movie-lookup.json in Resources */,
				BB7602752B62027C006E5A1F /* quality-profiles.json in Resources */,
				BB8B3DF42B617FE800B80E2D /* root-folders.json in Resources */,
				BB456D272B58E4B900C29B00 /* system-status.json in Resources */,
				BBE1E4412B51F9DC00946222 /* movies.json in Resources */,
				BBE8285F2B4F2C7100C1E1D9 /* Preview Assets.xcassets in Resources */,
				BBE8285B2B4F2C7100C1E1D9 /* Assets.xcassets in Resources */,
			);
			runOnlyForDeploymentPostprocessing = 0;
		};
/* End PBXResourcesBuildPhase section */

/* Begin PBXShellScriptBuildPhase section */
		BB9D7AFA2B58A675001C5E3C /* SwiftLint */ = {
			isa = PBXShellScriptBuildPhase;
			alwaysOutOfDate = 1;
			buildActionMask = 2147483647;
			files = (
			);
			inputFileListPaths = (
			);
			inputPaths = (
			);
			name = SwiftLint;
			outputFileListPaths = (
			);
			outputPaths = (
			);
			runOnlyForDeploymentPostprocessing = 0;
			shellPath = /bin/sh;
			shellScript = "if [[ \"$(uname -m)\" == arm64 ]]; then\n    export PATH=\"/opt/homebrew/bin:$PATH\"\nfi\n\nif which swiftlint > /dev/null; then\n  #swiftlint --fix && swiftlint\n  swiftlint\nelse\n  echo \"warning: SwiftLint not installed, download from https://github.com/realm/SwiftLint\"\nfi\n";
		};
/* End PBXShellScriptBuildPhase section */

/* Begin PBXSourcesBuildPhase section */
		BBE8284F2B4F2C7000C1E1D9 /* Sources */ = {
			isa = PBXSourcesBuildPhase;
			buildActionMask = 2147483647;
			files = (
				BBF477A92B4FA20B00C2DED3 /* SettingsView.swift in Sources */,
				BB25DC682B630B9000FE55A0 /* MovieDetails.swift in Sources */,
				79159D6E2B5953E800F7F997 /* API.swift in Sources */,
				BBC94DE52B5F3E0B00504568 /* CloudStorageSync.swift in Sources */,
				BBC136A42B62DD780074C7AA /* Network.swift in Sources */,
				BB456D232B58C71300C29B00 /* NoInternet.swift in Sources */,
				BBF706BC2B6220BF00B2B504 /* Logger.swift in Sources */,
				BB0E8E892B66E91800DF8294 /* StatusMessage.swift in Sources */,
				BBC94DE92B5F63A000504568 /* Telemetry.swift in Sources */,
				BBE828592B4F2C7000C1E1D9 /* ContentView.swift in Sources */,
				BB25DC612B62ECF700FE55A0 /* InstanceRow.swift in Sources */,
				796C766D2B62A3B700EF3DB8 /* Store.swift in Sources */,
				BBE828682B4F320F00C1E1D9 /* MoviesView.swift in Sources */,
				794BD7822B5ED48E003819AB /* Binding.swift in Sources */,
				BBC94DE32B5F3DE600504568 /* CloudStorage.swift in Sources */,
				BBE828572B4F2C7000C1E1D9 /* RuddarrApp.swift in Sources */,
				BBC45B962B572A8600AB258F /* PreviewData.swift in Sources */,
				798010BD2B6268D200BBC056 /* RawRepresentable.swift in Sources */,
				BB25DC662B62EDC700FE55A0 /* MovieGridItem.swift in Sources */,
				795B7AD72B5AFA8C00A13DB3 /* AppError.swift in Sources */,
				798010BA2B61719C00BBC056 /* Router.swift in Sources */,
				BBE1E43F2B51F61700946222 /* MovieLookup.swift in Sources */,
				798010BF2B6268DE00BBC056 /* MovieSort.swift in Sources */,
				BB8B3DF22B61713500B80E2D /* MovieEditView.swift in Sources */,
				79159D712B5955A800F7F997 /* DummyAPI.swift in Sources */,
				BBE7F8A92B6424350014DD57 /* RadarrInstance.swift in Sources */,
				BBE7F8A72B6423A60014DD57 /* Movies.swift in Sources */,
				BB01B1F42B6465730025FAF4 /* View.swift in Sources */,
				BB93FDD62B6337920047A9FF /* MovieSearchSheet.swift in Sources */,
				BBF94F652B50C88300300EBA /* Instance.swift in Sources */,
				BBE8286A2B4F325400C1E1D9 /* ShowsView.swift in Sources */,
				79159D6C2B5953D700F7F997 /* Dependencies.swift in Sources */,
				BBF94F632B508F8B00300EBA /* MovieView.swift in Sources */,
				BBE0DE5F2B51A86B00E7B5C9 /* MovieSearchView.swift in Sources */,
				BB9255CE2B54657900967F84 /* InstanceView.swift in Sources */,
				BB25DC642B62ED9100FE55A0 /* LibrariesView.swift in Sources */,
				BBBE93162B68638400353216 /* Theme.swift in Sources */,
				BB25DC6A2B63161E00FE55A0 /* MovieForm.swift in Sources */,
				BBA54BDE2B561FB200CA0F3E /* CachedAsyncImage.swift in Sources */,
				BB6D96952B61E61D0017BFB3 /* AppSettings.swift in Sources */,
				BBE8286C2B4F360700C1E1D9 /* Movie.swift in Sources */,
			);
			runOnlyForDeploymentPostprocessing = 0;
		};
/* End PBXSourcesBuildPhase section */

/* Begin XCBuildConfiguration section */
		BBE828602B4F2C7100C1E1D9 /* Debug */ = {
			isa = XCBuildConfiguration;
			buildSettings = {
				ALWAYS_SEARCH_USER_PATHS = NO;
				ASSETCATALOG_COMPILER_GENERATE_SWIFT_ASSET_SYMBOL_EXTENSIONS = YES;
				CLANG_ANALYZER_NONNULL = YES;
				CLANG_ANALYZER_NUMBER_OBJECT_CONVERSION = YES_AGGRESSIVE;
				CLANG_CXX_LANGUAGE_STANDARD = "gnu++20";
				CLANG_ENABLE_MODULES = YES;
				CLANG_ENABLE_OBJC_ARC = YES;
				CLANG_ENABLE_OBJC_WEAK = YES;
				CLANG_WARN_BLOCK_CAPTURE_AUTORELEASING = YES;
				CLANG_WARN_BOOL_CONVERSION = YES;
				CLANG_WARN_COMMA = YES;
				CLANG_WARN_CONSTANT_CONVERSION = YES;
				CLANG_WARN_DEPRECATED_OBJC_IMPLEMENTATIONS = YES;
				CLANG_WARN_DIRECT_OBJC_ISA_USAGE = YES_ERROR;
				CLANG_WARN_DOCUMENTATION_COMMENTS = YES;
				CLANG_WARN_EMPTY_BODY = YES;
				CLANG_WARN_ENUM_CONVERSION = YES;
				CLANG_WARN_INFINITE_RECURSION = YES;
				CLANG_WARN_INT_CONVERSION = YES;
				CLANG_WARN_NON_LITERAL_NULL_CONVERSION = YES;
				CLANG_WARN_OBJC_IMPLICIT_RETAIN_SELF = YES;
				CLANG_WARN_OBJC_LITERAL_CONVERSION = YES;
				CLANG_WARN_OBJC_ROOT_CLASS = YES_ERROR;
				CLANG_WARN_QUOTED_INCLUDE_IN_FRAMEWORK_HEADER = YES;
				CLANG_WARN_RANGE_LOOP_ANALYSIS = YES;
				CLANG_WARN_STRICT_PROTOTYPES = YES;
				CLANG_WARN_SUSPICIOUS_MOVE = YES;
				CLANG_WARN_UNGUARDED_AVAILABILITY = YES_AGGRESSIVE;
				CLANG_WARN_UNREACHABLE_CODE = YES;
				CLANG_WARN__DUPLICATE_METHOD_MATCH = YES;
				COPY_PHASE_STRIP = NO;
				DEBUG_INFORMATION_FORMAT = dwarf;
				ENABLE_STRICT_OBJC_MSGSEND = YES;
				ENABLE_TESTABILITY = YES;
				ENABLE_USER_SCRIPT_SANDBOXING = YES;
				GCC_C_LANGUAGE_STANDARD = gnu17;
				GCC_DYNAMIC_NO_PIC = NO;
				GCC_NO_COMMON_BLOCKS = YES;
				GCC_OPTIMIZATION_LEVEL = 0;
				GCC_PREPROCESSOR_DEFINITIONS = (
					"DEBUG=1",
					"$(inherited)",
				);
				GCC_WARN_64_TO_32_BIT_CONVERSION = YES;
				GCC_WARN_ABOUT_RETURN_TYPE = YES_ERROR;
				GCC_WARN_UNDECLARED_SELECTOR = YES;
				GCC_WARN_UNINITIALIZED_AUTOS = YES_AGGRESSIVE;
				GCC_WARN_UNUSED_FUNCTION = YES;
				GCC_WARN_UNUSED_VARIABLE = YES;
				IPHONEOS_DEPLOYMENT_TARGET = 17.0;
				LOCALIZATION_PREFERS_STRING_CATALOGS = YES;
				MTL_ENABLE_DEBUG_INFO = INCLUDE_SOURCE;
				MTL_FAST_MATH = YES;
				ONLY_ACTIVE_ARCH = YES;
				SWIFT_ACTIVE_COMPILATION_CONDITIONS = "DEBUG $(inherited)";
				SWIFT_OPTIMIZATION_LEVEL = "-Onone";
			};
			name = Debug;
		};
		BBE828612B4F2C7100C1E1D9 /* Release */ = {
			isa = XCBuildConfiguration;
			buildSettings = {
				ALWAYS_SEARCH_USER_PATHS = NO;
				ASSETCATALOG_COMPILER_GENERATE_SWIFT_ASSET_SYMBOL_EXTENSIONS = YES;
				CLANG_ANALYZER_NONNULL = YES;
				CLANG_ANALYZER_NUMBER_OBJECT_CONVERSION = YES_AGGRESSIVE;
				CLANG_CXX_LANGUAGE_STANDARD = "gnu++20";
				CLANG_ENABLE_MODULES = YES;
				CLANG_ENABLE_OBJC_ARC = YES;
				CLANG_ENABLE_OBJC_WEAK = YES;
				CLANG_WARN_BLOCK_CAPTURE_AUTORELEASING = YES;
				CLANG_WARN_BOOL_CONVERSION = YES;
				CLANG_WARN_COMMA = YES;
				CLANG_WARN_CONSTANT_CONVERSION = YES;
				CLANG_WARN_DEPRECATED_OBJC_IMPLEMENTATIONS = YES;
				CLANG_WARN_DIRECT_OBJC_ISA_USAGE = YES_ERROR;
				CLANG_WARN_DOCUMENTATION_COMMENTS = YES;
				CLANG_WARN_EMPTY_BODY = YES;
				CLANG_WARN_ENUM_CONVERSION = YES;
				CLANG_WARN_INFINITE_RECURSION = YES;
				CLANG_WARN_INT_CONVERSION = YES;
				CLANG_WARN_NON_LITERAL_NULL_CONVERSION = YES;
				CLANG_WARN_OBJC_IMPLICIT_RETAIN_SELF = YES;
				CLANG_WARN_OBJC_LITERAL_CONVERSION = YES;
				CLANG_WARN_OBJC_ROOT_CLASS = YES_ERROR;
				CLANG_WARN_QUOTED_INCLUDE_IN_FRAMEWORK_HEADER = YES;
				CLANG_WARN_RANGE_LOOP_ANALYSIS = YES;
				CLANG_WARN_STRICT_PROTOTYPES = YES;
				CLANG_WARN_SUSPICIOUS_MOVE = YES;
				CLANG_WARN_UNGUARDED_AVAILABILITY = YES_AGGRESSIVE;
				CLANG_WARN_UNREACHABLE_CODE = YES;
				CLANG_WARN__DUPLICATE_METHOD_MATCH = YES;
				COPY_PHASE_STRIP = NO;
				DEBUG_INFORMATION_FORMAT = "dwarf-with-dsym";
				ENABLE_NS_ASSERTIONS = NO;
				ENABLE_STRICT_OBJC_MSGSEND = YES;
				ENABLE_USER_SCRIPT_SANDBOXING = YES;
				GCC_C_LANGUAGE_STANDARD = gnu17;
				GCC_NO_COMMON_BLOCKS = YES;
				GCC_WARN_64_TO_32_BIT_CONVERSION = YES;
				GCC_WARN_ABOUT_RETURN_TYPE = YES_ERROR;
				GCC_WARN_UNDECLARED_SELECTOR = YES;
				GCC_WARN_UNINITIALIZED_AUTOS = YES_AGGRESSIVE;
				GCC_WARN_UNUSED_FUNCTION = YES;
				GCC_WARN_UNUSED_VARIABLE = YES;
				IPHONEOS_DEPLOYMENT_TARGET = 17.0;
				LOCALIZATION_PREFERS_STRING_CATALOGS = YES;
				MTL_ENABLE_DEBUG_INFO = NO;
				MTL_FAST_MATH = YES;
				SWIFT_COMPILATION_MODE = wholemodule;
			};
			name = Release;
		};
		BBE828632B4F2C7100C1E1D9 /* Debug */ = {
			isa = XCBuildConfiguration;
			buildSettings = {
				ASSETCATALOG_COMPILER_APPICON_NAME = AppIcon;
				ASSETCATALOG_COMPILER_GLOBAL_ACCENT_COLOR_NAME = AccentColor;
				CODE_SIGN_ENTITLEMENTS = Ruddarr/Ruddarr.entitlements;
				CODE_SIGN_IDENTITY = "Apple Development";
				CODE_SIGN_STYLE = Automatic;
				CURRENT_PROJECT_VERSION = 1;
				DEVELOPMENT_ASSET_PATHS = "\"Ruddarr/Preview Content\"";
				DEVELOPMENT_TEAM = B9ZZ8GLWRA;
				ENABLE_HARDENED_RUNTIME = YES;
				ENABLE_PREVIEWS = YES;
				ENABLE_USER_SCRIPT_SANDBOXING = NO;
				GENERATE_INFOPLIST_FILE = YES;
				"INFOPLIST_KEY_UIApplicationSceneManifest_Generation[sdk=iphoneos*]" = YES;
				"INFOPLIST_KEY_UIApplicationSceneManifest_Generation[sdk=iphonesimulator*]" = YES;
				"INFOPLIST_KEY_UIApplicationSupportsIndirectInputEvents[sdk=iphoneos*]" = YES;
				"INFOPLIST_KEY_UIApplicationSupportsIndirectInputEvents[sdk=iphonesimulator*]" = YES;
				"INFOPLIST_KEY_UILaunchScreen_Generation[sdk=iphoneos*]" = YES;
				"INFOPLIST_KEY_UILaunchScreen_Generation[sdk=iphonesimulator*]" = YES;
				"INFOPLIST_KEY_UIStatusBarStyle[sdk=iphoneos*]" = UIStatusBarStyleDefault;
				"INFOPLIST_KEY_UIStatusBarStyle[sdk=iphonesimulator*]" = UIStatusBarStyleDefault;
				INFOPLIST_KEY_UISupportedInterfaceOrientations_iPad = "UIInterfaceOrientationPortrait UIInterfaceOrientationPortraitUpsideDown UIInterfaceOrientationLandscapeLeft UIInterfaceOrientationLandscapeRight";
				INFOPLIST_KEY_UISupportedInterfaceOrientations_iPhone = "UIInterfaceOrientationPortrait UIInterfaceOrientationLandscapeLeft UIInterfaceOrientationLandscapeRight";
				IPHONEOS_DEPLOYMENT_TARGET = 17.0;
				LD_RUNPATH_SEARCH_PATHS = "@executable_path/Frameworks";
				"LD_RUNPATH_SEARCH_PATHS[sdk=macosx*]" = "@executable_path/../Frameworks";
				MACOSX_DEPLOYMENT_TARGET = 13.0;
				MARKETING_VERSION = 1.0;
				PRODUCT_BUNDLE_IDENTIFIER = com.ruddarr;
				PRODUCT_NAME = "$(TARGET_NAME)";
				PROVISIONING_PROFILE_SPECIFIER = "";
				SDKROOT = auto;
				SUPPORTED_PLATFORMS = "iphoneos iphonesimulator";
				SUPPORTS_MACCATALYST = NO;
				SUPPORTS_MAC_DESIGNED_FOR_IPHONE_IPAD = YES;
				SWIFT_EMIT_LOC_STRINGS = YES;
				SWIFT_VERSION = 5.0;
				TARGETED_DEVICE_FAMILY = "1,2";
			};
			name = Debug;
		};
		BBE828642B4F2C7100C1E1D9 /* Release */ = {
			isa = XCBuildConfiguration;
			buildSettings = {
				ASSETCATALOG_COMPILER_APPICON_NAME = AppIcon;
				ASSETCATALOG_COMPILER_GLOBAL_ACCENT_COLOR_NAME = AccentColor;
				CODE_SIGN_ENTITLEMENTS = Ruddarr/Ruddarr.entitlements;
				CODE_SIGN_IDENTITY = "Apple Development";
				CODE_SIGN_STYLE = Automatic;
				CURRENT_PROJECT_VERSION = 1;
				DEVELOPMENT_ASSET_PATHS = "\"Ruddarr/Preview Content\"";
				DEVELOPMENT_TEAM = B9ZZ8GLWRA;
				ENABLE_HARDENED_RUNTIME = YES;
				ENABLE_PREVIEWS = YES;
				ENABLE_USER_SCRIPT_SANDBOXING = NO;
				GENERATE_INFOPLIST_FILE = YES;
				"INFOPLIST_KEY_UIApplicationSceneManifest_Generation[sdk=iphoneos*]" = YES;
				"INFOPLIST_KEY_UIApplicationSceneManifest_Generation[sdk=iphonesimulator*]" = YES;
				"INFOPLIST_KEY_UIApplicationSupportsIndirectInputEvents[sdk=iphoneos*]" = YES;
				"INFOPLIST_KEY_UIApplicationSupportsIndirectInputEvents[sdk=iphonesimulator*]" = YES;
				"INFOPLIST_KEY_UILaunchScreen_Generation[sdk=iphoneos*]" = YES;
				"INFOPLIST_KEY_UILaunchScreen_Generation[sdk=iphonesimulator*]" = YES;
				"INFOPLIST_KEY_UIStatusBarStyle[sdk=iphoneos*]" = UIStatusBarStyleDefault;
				"INFOPLIST_KEY_UIStatusBarStyle[sdk=iphonesimulator*]" = UIStatusBarStyleDefault;
				INFOPLIST_KEY_UISupportedInterfaceOrientations_iPad = "UIInterfaceOrientationPortrait UIInterfaceOrientationPortraitUpsideDown UIInterfaceOrientationLandscapeLeft UIInterfaceOrientationLandscapeRight";
				INFOPLIST_KEY_UISupportedInterfaceOrientations_iPhone = "UIInterfaceOrientationPortrait UIInterfaceOrientationLandscapeLeft UIInterfaceOrientationLandscapeRight";
				IPHONEOS_DEPLOYMENT_TARGET = 17.0;
				LD_RUNPATH_SEARCH_PATHS = "@executable_path/Frameworks";
				"LD_RUNPATH_SEARCH_PATHS[sdk=macosx*]" = "@executable_path/../Frameworks";
				MACOSX_DEPLOYMENT_TARGET = 13.0;
				MARKETING_VERSION = 1.0;
				PRODUCT_BUNDLE_IDENTIFIER = com.ruddarr;
				PRODUCT_NAME = "$(TARGET_NAME)";
				PROVISIONING_PROFILE_SPECIFIER = "";
				SDKROOT = auto;
				SUPPORTED_PLATFORMS = "iphoneos iphonesimulator";
				SUPPORTS_MACCATALYST = NO;
				SUPPORTS_MAC_DESIGNED_FOR_IPHONE_IPAD = YES;
				SWIFT_EMIT_LOC_STRINGS = YES;
				SWIFT_VERSION = 5.0;
				TARGETED_DEVICE_FAMILY = "1,2";
			};
			name = Release;
		};
/* End XCBuildConfiguration section */

/* Begin XCConfigurationList section */
		BBE8284E2B4F2C7000C1E1D9 /* Build configuration list for PBXProject "Ruddarr" */ = {
			isa = XCConfigurationList;
			buildConfigurations = (
				BBE828602B4F2C7100C1E1D9 /* Debug */,
				BBE828612B4F2C7100C1E1D9 /* Release */,
			);
			defaultConfigurationIsVisible = 0;
			defaultConfigurationName = Release;
		};
		BBE828622B4F2C7100C1E1D9 /* Build configuration list for PBXNativeTarget "Ruddarr" */ = {
			isa = XCConfigurationList;
			buildConfigurations = (
				BBE828632B4F2C7100C1E1D9 /* Debug */,
				BBE828642B4F2C7100C1E1D9 /* Release */,
			);
			defaultConfigurationIsVisible = 0;
			defaultConfigurationName = Release;
		};
/* End XCConfigurationList section */

/* Begin XCRemoteSwiftPackageReference section */
		BBA54BE12B563E2000CA0F3E /* XCRemoteSwiftPackageReference "Nuke" */ = {
			isa = XCRemoteSwiftPackageReference;
			repositoryURL = "https://github.com/kean/Nuke";
			requirement = {
				kind = upToNextMajorVersion;
				minimumVersion = 12.0.0;
			};
		};
/* End XCRemoteSwiftPackageReference section */

/* Begin XCSwiftPackageProductDependency section */
		BBA54BE22B563E2000CA0F3E /* Nuke */ = {
			isa = XCSwiftPackageProductDependency;
			package = BBA54BE12B563E2000CA0F3E /* XCRemoteSwiftPackageReference "Nuke" */;
			productName = Nuke;
		};
		BBA54BE42B563E2000CA0F3E /* NukeUI */ = {
			isa = XCSwiftPackageProductDependency;
			package = BBA54BE12B563E2000CA0F3E /* XCRemoteSwiftPackageReference "Nuke" */;
			productName = NukeUI;
		};
		BBC45B8E2B56426700AB258F /* Nuke */ = {
			isa = XCSwiftPackageProductDependency;
			package = BBA54BE12B563E2000CA0F3E /* XCRemoteSwiftPackageReference "Nuke" */;
			productName = Nuke;
		};
		BBC45B902B56426700AB258F /* NukeExtensions */ = {
			isa = XCSwiftPackageProductDependency;
			package = BBA54BE12B563E2000CA0F3E /* XCRemoteSwiftPackageReference "Nuke" */;
			productName = NukeExtensions;
		};
		BBC45B922B56426700AB258F /* NukeUI */ = {
			isa = XCSwiftPackageProductDependency;
			package = BBA54BE12B563E2000CA0F3E /* XCRemoteSwiftPackageReference "Nuke" */;
			productName = NukeUI;
		};
/* End XCSwiftPackageProductDependency section */
	};
	rootObject = BBE8284B2B4F2C7000C1E1D9 /* Project object */;
}
